
Microsoft Visual Studio Solution File, Format Version 12.00
# Visual Studio 15
VisualStudioVersion = 15.0.28010.2036
MinimumVisualStudioVersion = 10.0.40219.1
Project("{FAE04EC0-301F-11D3-BF4B-00C04F79EFBC}") = "AhoraShisa", "AhoraShisa\AhoraShisa.csproj", "{AB65EA25-21D7-4143-A3D9-651D13B34B1A}"
EndProject
Global
	GlobalSection(SolutionConfigurationPlatforms) = preSolution
		Debug|Any CPU = Debug|Any CPU
		Release|Any CPU = Release|Any CPU
	EndGlobalSection
	GlobalSection(ProjectConfigurationPlatforms) = postSolution
		{AB65EA25-21D7-4143-A3D9-651D13B34B1A}.Debug|Any CPU.ActiveCfg = Debug|Any CPU
		{AB65EA25-21D7-4143-A3D9-651D13B34B1A}.Debug|Any CPU.Build.0 = Debug|Any CPU
		{AB65EA25-21D7-4143-A3D9-651D13B34B1A}.Release|Any CPU.ActiveCfg = Release|Any CPU
		{AB65EA25-21D7-4143-A3D9-651D13B34B1A}.Release|Any CPU.Build.0 = Release|Any CPU
	EndGlobalSection
	GlobalSection(SolutionProperties) = preSolution
		HideSolutionNode = FALSE
	EndGlobalSection
	GlobalSection(ExtensibilityGlobals) = postSolution
		SolutionGuid = {20CD38BB-A834-442C-B78E-B8D30CC2AC6C}
	EndGlobalSection
EndGlobal
